github.com/spaolacci/murmur3 v1.1.0 h1:7c1g84S4BPRrfL5Xrdp6fOJ206sU9y293DDHaoy0bLI=
github.com/spaolacci/murmur3 v1.1.0/go.mod h1:JwIasOWyU6f++ZhiEuf87xNszmSA2myDM2Kzu9HwQUA=
github.com/twmb/murmur3 v1.1.1 h1:jT/apbfn05lmNmvL+qrhXlLelBf8YJajjCWM+dB4FWg=
github.com/twmb/murmur3 v1.1.1/go.mod h1:5Y5m8Y8WIyucaICVP+Aep5C8ydggjEuRQHDq1icoOYo=
